
Microsoft Visual Studio Solution File, Format Version 12.00
# Visual Studio Version 17
VisualStudioVersion = 17.8.34511.84
MinimumVisualStudioVersion = 10.0.40219.1
Project("{FAE04EC0-301F-11D3-BF4B-00C04F79EFBC}") = "PrimeiroProjetoCurso", "PrimeiroProjetoCurso\PrimeiroProjetoCurso.csproj", "{17F3FBF0-81B2-425F-B14B-9BAA68CF946A}"
EndProject
Global
	GlobalSection(SolutionConfigurationPlatforms) = preSolution
		Debug|Any CPU = Debug|Any CPU
		Release|Any CPU = Release|Any CPU
	EndGlobalSection
	GlobalSection(ProjectConfigurationPlatforms) = postSolution
		{17F3FBF0-81B2-425F-B14B-9BAA68CF946A}.Debug|Any CPU.ActiveCfg = Debug|Any CPU
		{17F3FBF0-81B2-425F-B14B-9BAA68CF946A}.Debug|Any CPU.Build.0 = Debug|Any CPU
		{17F3FBF0-81B2-425F-B14B-9BAA68CF946A}.Release|Any CPU.ActiveCfg = Release|Any CPU
		{17F3FBF0-81B2-425F-B14B-9BAA68CF946A}.Release|Any CPU.Build.0 = Release|Any CPU
	EndGlobalSection
	GlobalSection(SolutionProperties) = preSolution
		HideSolutionNode = FALSE
	EndGlobalSection
	GlobalSection(ExtensibilityGlobals) = postSolution
		SolutionGuid = {BDBEE6F1-D0EA-4C55-A9E4-2A9E1848FA42}
	EndGlobalSection
EndGlobal
